
Microsoft Visual Studio Solution File, Format Version 12.00
# Visual Studio Version 17
VisualStudioVersion = 17.8.34316.72
MinimumVisualStudioVersion = 10.0.40219.1
Project("{9A19103F-16F7-4668-BE54-9A1E7A4F7556}") = "KeyboardMouseWin", "KeyboardMouseWin\KeyboardMouseWin.csproj", "{1494E607-91E6-481D-B0A5-64EC5F56B916}"
EndProject
Project("{9A19103F-16F7-4668-BE54-9A1E7A4F7556}") = "KeyboardMouseWin.Test", "KeyboardMouseWin.Test\KeyboardMouseWin.Test.csproj", "{D02DD2D1-F2CB-4B7F-9D6F-0316EE0FC21B}"
EndProject
Project("{FAE04EC0-301F-11D3-BF4B-00C04F79EFBC}") = "ConsoleApp1", "ConsoleApp1\ConsoleApp1.csproj", "{B8107673-C22A-4489-A8D4-7E0D9ECAF8CE}"
EndProject
Global
	GlobalSection(SolutionConfigurationPlatforms) = preSolution
		Debug|Any CPU = Debug|Any CPU
		Release|Any CPU = Release|Any CPU
	EndGlobalSection
	GlobalSection(ProjectConfigurationPlatforms) = postSolution
		{1494E607-91E6-481D-B0A5-64EC5F56B916}.Debug|Any CPU.ActiveCfg = Debug|Any CPU
		{1494E607-91E6-481D-B0A5-64EC5F56B916}.Debug|Any CPU.Build.0 = Debug|Any CPU
		{1494E607-91E6-481D-B0A5-64EC5F56B916}.Release|Any CPU.ActiveCfg = Release|Any CPU
		{1494E607-91E6-481D-B0A5-64EC5F56B916}.Release|Any CPU.Build.0 = Release|Any CPU
		{D02DD2D1-F2CB-4B7F-9D6F-0316EE0FC21B}.Debug|Any CPU.ActiveCfg = Debug|Any CPU
		{D02DD2D1-F2CB-4B7F-9D6F-0316EE0FC21B}.Debug|Any CPU.Build.0 = Debug|Any CPU
		{D02DD2D1-F2CB-4B7F-9D6F-0316EE0FC21B}.Release|Any CPU.ActiveCfg = Release|Any CPU
		{D02DD2D1-F2CB-4B7F-9D6F-0316EE0FC21B}.Release|Any CPU.Build.0 = Release|Any CPU
		{B8107673-C22A-4489-A8D4-7E0D9ECAF8CE}.Debug|Any CPU.ActiveCfg = Debug|Any CPU
		{B8107673-C22A-4489-A8D4-7E0D9ECAF8CE}.Debug|Any CPU.Build.0 = Debug|Any CPU
		{B8107673-C22A-4489-A8D4-7E0D9ECAF8CE}.Release|Any CPU.ActiveCfg = Release|Any CPU
		{B8107673-C22A-4489-A8D4-7E0D9ECAF8CE}.Release|Any CPU.Build.0 = Release|Any CPU
	EndGlobalSection
	GlobalSection(SolutionProperties) = preSolution
		HideSolutionNode = FALSE
	EndGlobalSection
	GlobalSection(ExtensibilityGlobals) = postSolution
		SolutionGuid = {6653F577-7914-4B84-9EB8-A3BA1FD67C15}
	EndGlobalSection
EndGlobal
