
Microsoft Visual Studio Solution File, Format Version 12.00
# Visual Studio Version 17
VisualStudioVersion = 17.8.34316.72
MinimumVisualStudioVersion = 10.0.40219.1
Project("{9A19103F-16F7-4668-BE54-9A1E7A4F7556}") = "KeyboardMouseWin", "KeyboardMouseWin\KeyboardMouseWin.csproj", "{1494E607-91E6-481D-B0A5-64EC5F56B916}"
EndProject
Project("{9A19103F-16F7-4668-BE54-9A1E7A4F7556}") = "KeyboardMouseWin.Test", "KeyboardMouseWin.Test\KeyboardMouseWin.Test.csproj", "{D02DD2D1-F2CB-4B7F-9D6F-0316EE0FC21B}"
EndProject
Project("{9A19103F-16F7-4668-BE54-9A1E7A4F7556}") = "ConsoleApp1", "ConsoleApp1\ConsoleApp1.csproj", "{B8107673-C22A-4489-A8D4-7E0D9ECAF8CE}"
EndProject
Project("{FAE04EC0-301F-11D3-BF4B-00C04F79EFBC}") = "KeyboardMouseWin.TestApp", "KeyboardMouseWin.TestApp\KeyboardMouseWin.TestApp.csproj", "{B81DDE30-BE7A-405D-93E2-4F613A302746}"
EndProject
Project("{C7167F0D-BC9F-4E6E-AFE1-012C56B48DB5}") = "KeyboardMouseWin.Wap", "KeyboardMouseWin.Wap\KeyboardMouseWin.Wap.wapproj", "{6450077F-593C-42BD-97A6-6011B6B2AE2F}"
EndProject
Global
	GlobalSection(SolutionConfigurationPlatforms) = preSolution
		Debug|Any CPU = Debug|Any CPU
		Debug|ARM = Debug|ARM
		Debug|ARM64 = Debug|ARM64
		Debug|x64 = Debug|x64
		Debug|x86 = Debug|x86
		Release|Any CPU = Release|Any CPU
		Release|ARM = Release|ARM
		Release|ARM64 = Release|ARM64
		Release|x64 = Release|x64
		Release|x86 = Release|x86
	EndGlobalSection
	GlobalSection(ProjectConfigurationPlatforms) = postSolution
		{1494E607-91E6-481D-B0A5-64EC5F56B916}.Debug|Any CPU.ActiveCfg = Debug|Any CPU
		{1494E607-91E6-481D-B0A5-64EC5F56B916}.Debug|Any CPU.Build.0 = Debug|Any CPU
		{1494E607-91E6-481D-B0A5-64EC5F56B916}.Debug|ARM.ActiveCfg = Debug|Any CPU
		{1494E607-91E6-481D-B0A5-64EC5F56B916}.Debug|ARM.Build.0 = Debug|Any CPU
		{1494E607-91E6-481D-B0A5-64EC5F56B916}.Debug|ARM64.ActiveCfg = Debug|Any CPU
		{1494E607-91E6-481D-B0A5-64EC5F56B916}.Debug|ARM64.Build.0 = Debug|Any CPU
		{1494E607-91E6-481D-B0A5-64EC5F56B916}.Debug|x64.ActiveCfg = Debug|Any CPU
		{1494E607-91E6-481D-B0A5-64EC5F56B916}.Debug|x64.Build.0 = Debug|Any CPU
		{1494E607-91E6-481D-B0A5-64EC5F56B916}.Debug|x86.ActiveCfg = Debug|Any CPU
		{1494E607-91E6-481D-B0A5-64EC5F56B916}.Debug|x86.Build.0 = Debug|Any CPU
		{1494E607-91E6-481D-B0A5-64EC5F56B916}.Release|Any CPU.ActiveCfg = Release|Any CPU
		{1494E607-91E6-481D-B0A5-64EC5F56B916}.Release|Any CPU.Build.0 = Release|Any CPU
		{1494E607-91E6-481D-B0A5-64EC5F56B916}.Release|ARM.ActiveCfg = Release|Any CPU
		{1494E607-91E6-481D-B0A5-64EC5F56B916}.Release|ARM.Build.0 = Release|Any CPU
		{1494E607-91E6-481D-B0A5-64EC5F56B916}.Release|ARM64.ActiveCfg = Release|Any CPU
		{1494E607-91E6-481D-B0A5-64EC5F56B916}.Release|ARM64.Build.0 = Release|Any CPU
		{1494E607-91E6-481D-B0A5-64EC5F56B916}.Release|x64.ActiveCfg = Release|Any CPU
		{1494E607-91E6-481D-B0A5-64EC5F56B916}.Release|x64.Build.0 = Release|Any CPU
		{1494E607-91E6-481D-B0A5-64EC5F56B916}.Release|x86.ActiveCfg = Release|Any CPU
		{1494E607-91E6-481D-B0A5-64EC5F56B916}.Release|x86.Build.0 = Release|Any CPU
		{D02DD2D1-F2CB-4B7F-9D6F-0316EE0FC21B}.Debug|Any CPU.ActiveCfg = Debug|Any CPU
		{D02DD2D1-F2CB-4B7F-9D6F-0316EE0FC21B}.Debug|Any CPU.Build.0 = Debug|Any CPU
		{D02DD2D1-F2CB-4B7F-9D6F-0316EE0FC21B}.Debug|ARM.ActiveCfg = Debug|Any CPU
		{D02DD2D1-F2CB-4B7F-9D6F-0316EE0FC21B}.Debug|ARM.Build.0 = Debug|Any CPU
		{D02DD2D1-F2CB-4B7F-9D6F-0316EE0FC21B}.Debug|ARM64.ActiveCfg = Debug|Any CPU
		{D02DD2D1-F2CB-4B7F-9D6F-0316EE0FC21B}.Debug|ARM64.Build.0 = Debug|Any CPU
		{D02DD2D1-F2CB-4B7F-9D6F-0316EE0FC21B}.Debug|x64.ActiveCfg = Debug|Any CPU
		{D02DD2D1-F2CB-4B7F-9D6F-0316EE0FC21B}.Debug|x64.Build.0 = Debug|Any CPU
		{D02DD2D1-F2CB-4B7F-9D6F-0316EE0FC21B}.Debug|x86.ActiveCfg = Debug|Any CPU
		{D02DD2D1-F2CB-4B7F-9D6F-0316EE0FC21B}.Debug|x86.Build.0 = Debug|Any CPU
		{D02DD2D1-F2CB-4B7F-9D6F-0316EE0FC21B}.Release|Any CPU.ActiveCfg = Release|Any CPU
		{D02DD2D1-F2CB-4B7F-9D6F-0316EE0FC21B}.Release|Any CPU.Build.0 = Release|Any CPU
		{D02DD2D1-F2CB-4B7F-9D6F-0316EE0FC21B}.Release|ARM.ActiveCfg = Release|Any CPU
		{D02DD2D1-F2CB-4B7F-9D6F-0316EE0FC21B}.Release|ARM.Build.0 = Release|Any CPU
		{D02DD2D1-F2CB-4B7F-9D6F-0316EE0FC21B}.Release|ARM64.ActiveCfg = Release|Any CPU
		{D02DD2D1-F2CB-4B7F-9D6F-0316EE0FC21B}.Release|ARM64.Build.0 = Release|Any CPU
		{D02DD2D1-F2CB-4B7F-9D6F-0316EE0FC21B}.Release|x64.ActiveCfg = Release|Any CPU
		{D02DD2D1-F2CB-4B7F-9D6F-0316EE0FC21B}.Release|x64.Build.0 = Release|Any CPU
		{D02DD2D1-F2CB-4B7F-9D6F-0316EE0FC21B}.Release|x86.ActiveCfg = Release|Any CPU
		{D02DD2D1-F2CB-4B7F-9D6F-0316EE0FC21B}.Release|x86.Build.0 = Release|Any CPU
		{B8107673-C22A-4489-A8D4-7E0D9ECAF8CE}.Debug|Any CPU.ActiveCfg = Debug|Any CPU
		{B8107673-C22A-4489-A8D4-7E0D9ECAF8CE}.Debug|Any CPU.Build.0 = Debug|Any CPU
		{B8107673-C22A-4489-A8D4-7E0D9ECAF8CE}.Debug|ARM.ActiveCfg = Debug|Any CPU
		{B8107673-C22A-4489-A8D4-7E0D9ECAF8CE}.Debug|ARM.Build.0 = Debug|Any CPU
		{B8107673-C22A-4489-A8D4-7E0D9ECAF8CE}.Debug|ARM64.ActiveCfg = Debug|Any CPU
		{B8107673-C22A-4489-A8D4-7E0D9ECAF8CE}.Debug|ARM64.Build.0 = Debug|Any CPU
		{B8107673-C22A-4489-A8D4-7E0D9ECAF8CE}.Debug|x64.ActiveCfg = Debug|Any CPU
		{B8107673-C22A-4489-A8D4-7E0D9ECAF8CE}.Debug|x64.Build.0 = Debug|Any CPU
		{B8107673-C22A-4489-A8D4-7E0D9ECAF8CE}.Debug|x86.ActiveCfg = Debug|Any CPU
		{B8107673-C22A-4489-A8D4-7E0D9ECAF8CE}.Debug|x86.Build.0 = Debug|Any CPU
		{B8107673-C22A-4489-A8D4-7E0D9ECAF8CE}.Release|Any CPU.ActiveCfg = Release|Any CPU
		{B8107673-C22A-4489-A8D4-7E0D9ECAF8CE}.Release|Any CPU.Build.0 = Release|Any CPU
		{B8107673-C22A-4489-A8D4-7E0D9ECAF8CE}.Release|ARM.ActiveCfg = Release|Any CPU
		{B8107673-C22A-4489-A8D4-7E0D9ECAF8CE}.Release|ARM.Build.0 = Release|Any CPU
		{B8107673-C22A-4489-A8D4-7E0D9ECAF8CE}.Release|ARM64.ActiveCfg = Release|Any CPU
		{B8107673-C22A-4489-A8D4-7E0D9ECAF8CE}.Release|ARM64.Build.0 = Release|Any CPU
		{B8107673-C22A-4489-A8D4-7E0D9ECAF8CE}.Release|x64.ActiveCfg = Release|Any CPU
		{B8107673-C22A-4489-A8D4-7E0D9ECAF8CE}.Release|x64.Build.0 = Release|Any CPU
		{B8107673-C22A-4489-A8D4-7E0D9ECAF8CE}.Release|x86.ActiveCfg = Release|Any CPU
		{B8107673-C22A-4489-A8D4-7E0D9ECAF8CE}.Release|x86.Build.0 = Release|Any CPU
		{B81DDE30-BE7A-405D-93E2-4F613A302746}.Debug|Any CPU.ActiveCfg = Debug|Any CPU
		{B81DDE30-BE7A-405D-93E2-4F613A302746}.Debug|Any CPU.Build.0 = Debug|Any CPU
		{B81DDE30-BE7A-405D-93E2-4F613A302746}.Debug|ARM.ActiveCfg = Debug|Any CPU
		{B81DDE30-BE7A-405D-93E2-4F613A302746}.Debug|ARM.Build.0 = Debug|Any CPU
		{B81DDE30-BE7A-405D-93E2-4F613A302746}.Debug|ARM64.ActiveCfg = Debug|Any CPU
		{B81DDE30-BE7A-405D-93E2-4F613A302746}.Debug|ARM64.Build.0 = Debug|Any CPU
		{B81DDE30-BE7A-405D-93E2-4F613A302746}.Debug|x64.ActiveCfg = Debug|Any CPU
		{B81DDE30-BE7A-405D-93E2-4F613A302746}.Debug|x64.Build.0 = Debug|Any CPU
		{B81DDE30-BE7A-405D-93E2-4F613A302746}.Debug|x86.ActiveCfg = Debug|Any CPU
		{B81DDE30-BE7A-405D-93E2-4F613A302746}.Debug|x86.Build.0 = Debug|Any CPU
		{B81DDE30-BE7A-405D-93E2-4F613A302746}.Release|Any CPU.ActiveCfg = Release|Any CPU
		{B81DDE30-BE7A-405D-93E2-4F613A302746}.Release|Any CPU.Build.0 = Release|Any CPU
		{B81DDE30-BE7A-405D-93E2-4F613A302746}.Release|ARM.ActiveCfg = Release|Any CPU
		{B81DDE30-BE7A-405D-93E2-4F613A302746}.Release|ARM.Build.0 = Release|Any CPU
		{B81DDE30-BE7A-405D-93E2-4F613A302746}.Release|ARM64.ActiveCfg = Release|Any CPU
		{B81DDE30-BE7A-405D-93E2-4F613A302746}.Release|ARM64.Build.0 = Release|Any CPU
		{B81DDE30-BE7A-405D-93E2-4F613A302746}.Release|x64.ActiveCfg = Release|Any CPU
		{B81DDE30-BE7A-405D-93E2-4F613A302746}.Release|x64.Build.0 = Release|Any CPU
		{B81DDE30-BE7A-405D-93E2-4F613A302746}.Release|x86.ActiveCfg = Release|Any CPU
		{B81DDE30-BE7A-405D-93E2-4F613A302746}.Release|x86.Build.0 = Release|Any CPU
		{6450077F-593C-42BD-97A6-6011B6B2AE2F}.Debug|Any CPU.ActiveCfg = Debug|Any CPU
		{6450077F-593C-42BD-97A6-6011B6B2AE2F}.Debug|Any CPU.Build.0 = Debug|Any CPU
		{6450077F-593C-42BD-97A6-6011B6B2AE2F}.Debug|Any CPU.Deploy.0 = Debug|Any CPU
		{6450077F-593C-42BD-97A6-6011B6B2AE2F}.Debug|ARM.ActiveCfg = Debug|ARM
		{6450077F-593C-42BD-97A6-6011B6B2AE2F}.Debug|ARM.Build.0 = Debug|ARM
		{6450077F-593C-42BD-97A6-6011B6B2AE2F}.Debug|ARM.Deploy.0 = Debug|ARM
		{6450077F-593C-42BD-97A6-6011B6B2AE2F}.Debug|ARM64.ActiveCfg = Debug|ARM64
		{6450077F-593C-42BD-97A6-6011B6B2AE2F}.Debug|ARM64.Build.0 = Debug|ARM64
		{6450077F-593C-42BD-97A6-6011B6B2AE2F}.Debug|ARM64.Deploy.0 = Debug|ARM64
		{6450077F-593C-42BD-97A6-6011B6B2AE2F}.Debug|x64.ActiveCfg = Debug|x64
		{6450077F-593C-42BD-97A6-6011B6B2AE2F}.Debug|x64.Build.0 = Debug|x64
		{6450077F-593C-42BD-97A6-6011B6B2AE2F}.Debug|x64.Deploy.0 = Debug|x64
		{6450077F-593C-42BD-97A6-6011B6B2AE2F}.Debug|x86.ActiveCfg = Debug|x86
		{6450077F-593C-42BD-97A6-6011B6B2AE2F}.Debug|x86.Build.0 = Debug|x86
		{6450077F-593C-42BD-97A6-6011B6B2AE2F}.Debug|x86.Deploy.0 = Debug|x86
		{6450077F-593C-42BD-97A6-6011B6B2AE2F}.Release|Any CPU.ActiveCfg = Release|Any CPU
		{6450077F-593C-42BD-97A6-6011B6B2AE2F}.Release|Any CPU.Build.0 = Release|Any CPU
		{6450077F-593C-42BD-97A6-6011B6B2AE2F}.Release|Any CPU.Deploy.0 = Release|Any CPU
		{6450077F-593C-42BD-97A6-6011B6B2AE2F}.Release|ARM.ActiveCfg = Release|ARM
		{6450077F-593C-42BD-97A6-6011B6B2AE2F}.Release|ARM.Build.0 = Release|ARM
		{6450077F-593C-42BD-97A6-6011B6B2AE2F}.Release|ARM.Deploy.0 = Release|ARM
		{6450077F-593C-42BD-97A6-6011B6B2AE2F}.Release|ARM64.ActiveCfg = Release|ARM64
		{6450077F-593C-42BD-97A6-6011B6B2AE2F}.Release|ARM64.Build.0 = Release|ARM64
		{6450077F-593C-42BD-97A6-6011B6B2AE2F}.Release|ARM64.Deploy.0 = Release|ARM64
		{6450077F-593C-42BD-97A6-6011B6B2AE2F}.Release|x64.ActiveCfg = Release|x64
		{6450077F-593C-42BD-97A6-6011B6B2AE2F}.Release|x64.Build.0 = Release|x64
		{6450077F-593C-42BD-97A6-6011B6B2AE2F}.Release|x64.Deploy.0 = Release|x64
		{6450077F-593C-42BD-97A6-6011B6B2AE2F}.Release|x86.ActiveCfg = Release|x86
		{6450077F-593C-42BD-97A6-6011B6B2AE2F}.Release|x86.Build.0 = Release|x86
		{6450077F-593C-42BD-97A6-6011B6B2AE2F}.Release|x86.Deploy.0 = Release|x86
	EndGlobalSection
	GlobalSection(SolutionProperties) = preSolution
		HideSolutionNode = FALSE
	EndGlobalSection
	GlobalSection(ExtensibilityGlobals) = postSolution
		SolutionGuid = {6653F577-7914-4B84-9EB8-A3BA1FD67C15}
	EndGlobalSection
EndGlobal
